// !$*UTF8*$!
{
	archiveVersion = 1;
	classes = {
	};
	objectVersion = 46;
	objects = {

/* Begin PBXBuildFile section */
		FD20705C1C3576900094EB7C /* SlideAnimationController.swift in Sources */ = {isa = PBXBuildFile; fileRef = FD20705B1C3576900094EB7C /* SlideAnimationController.swift */; };
		FD8AFEA61C266B15008EC7F9 /* SDETabBarVCDelegate.swift in Sources */ = {isa = PBXBuildFile; fileRef = FD8AFEA51C266B15008EC7F9 /* SDETabBarVCDelegate.swift */; };
		FD8D55CD1C1825AB001143EA /* AppDelegate.swift in Sources */ = {isa = PBXBuildFile; fileRef = FD8D55CC1C1825AB001143EA /* AppDelegate.swift */; };
		FD8D55CF1C1825AB001143EA /* ViewController.swift in Sources */ = {isa = PBXBuildFile; fileRef = FD8D55CE1C1825AB001143EA /* ViewController.swift */; };
		FD8D55D21C1825AB001143EA /* Main.storyboard in Resources */ = {isa = PBXBuildFile; fileRef = FD8D55D01C1825AB001143EA /* Main.storyboard */; };
		FD8D55D41C1825AB001143EA /* Assets.xcassets in Resources */ = {isa = PBXBuildFile; fileRef = FD8D55D31C1825AB001143EA /* Assets.xcassets */; };
		FD8D55D71C1825AB001143EA /* LaunchScreen.storyboard in Resources */ = {isa = PBXBuildFile; fileRef = FD8D55D51C1825AB001143EA /* LaunchScreen.storyboard */; };
		FD8D55DF1C1825EB001143EA /* ScrollTabBarController.swift in Sources */ = {isa = PBXBuildFile; fileRef = FD8D55DE1C1825EB001143EA /* ScrollTabBarController.swift */; };
/* End PBXBuildFile section */

/* Begin PBXFileReference section */
		FD20705B1C3576900094EB7C /* SlideAnimationController.swift */ = {isa = PBXFileReference; fileEncoding = 4; lastKnownFileType = sourcecode.swift; path = SlideAnimationController.swift; sourceTree = "<group>"; };
		FD8AFEA51C266B15008EC7F9 /* SDETabBarVCDelegate.swift */ = {isa = PBXFileReference; fileEncoding = 4; lastKnownFileType = sourcecode.swift; path = SDETabBarVCDelegate.swift; sourceTree = "<group>"; };
		FD8D55C91C1825AB001143EA /* ScrollTabBarController.app */ = {isa = PBXFileReference; explicitFileType = wrapper.application; includeInIndex = 0; path = ScrollTabBarController.app; sourceTree = BUILT_PRODUCTS_DIR; };
		FD8D55CC1C1825AB001143EA /* AppDelegate.swift */ = {isa = PBXFileReference; lastKnownFileType = sourcecode.swift; path = AppDelegate.swift; sourceTree = "<group>"; };
		FD8D55CE1C1825AB001143EA /* ViewController.swift */ = {isa = PBXFileReference; lastKnownFileType = sourcecode.swift; path = ViewController.swift; sourceTree = "<group>"; };
		FD8D55D11C1825AB001143EA /* Base */ = {isa = PBXFileReference; lastKnownFileType = file.storyboard; name = Base; path = Base.lproj/Main.storyboard; sourceTree = "<group>"; };
		FD8D55D31C1825AB001143EA /* Assets.xcassets */ = {isa = PBXFileReference; lastKnownFileType = folder.assetcatalog; path = Assets.xcassets; sourceTree = "<group>"; };
		FD8D55D61C1825AB001143EA /* Base */ = {isa = PBXFileReference; lastKnownFileType = file.storyboard; name = Base; path = Base.lproj/LaunchScreen.storyboard; sourceTree = "<group>"; };
		FD8D55D81C1825AB001143EA /* Info.plist */ = {isa = PBXFileReference; lastKnownFileType = text.plist.xml; path = Info.plist; sourceTree = "<group>"; };
		FD8D55DE1C1825EB001143EA /* ScrollTabBarController.swift */ = {isa = PBXFileReference; fileEncoding = 4; lastKnownFileType = sourcecode.swift; path = ScrollTabBarController.swift; sourceTree = "<group>"; };
/* End PBXFileReference section */

/* Begin PBXFrameworksBuildPhase section */
		FD8D55C61C1825AB001143EA /* Frameworks */ = {
			isa = PBXFrameworksBuildPhase;
			buildActionMask = 2147483647;
			files = (
			);
			runOnlyForDeploymentPostprocessing = 0;
		};
/* End PBXFrameworksBuildPhase section */

/* Begin PBXGroup section */
		FD8D55C01C1825AB001143EA = {
			isa = PBXGroup;
			children = (
				FD8D55CB1C1825AB001143EA /* ScrollTabBarController */,
				FD8D55CA1C1825AB001143EA /* Products */,
			);
			sourceTree = "<group>";
		};
		FD8D55CA1C1825AB001143EA /* Products */ = {
			isa = PBXGroup;
			children = (
				FD8D55C91C1825AB001143EA /* ScrollTabBarController.app */,
			);
			name = Products;
			sourceTree = "<group>";
		};
		FD8D55CB1C1825AB001143EA /* ScrollTabBarController */ = {
			isa = PBXGroup;
			children = (
				FD8D55CC1C1825AB001143EA /* AppDelegate.swift */,
				FD8D55DE1C1825EB001143EA /* ScrollTabBarController.swift */,
				FD8D55CE1C1825AB001143EA /* ViewController.swift */,
				FD8AFEA51C266B15008EC7F9 /* SDETabBarVCDelegate.swift */,
				FD20705B1C3576900094EB7C /* SlideAnimationController.swift */,
				FD8D55D01C1825AB001143EA /* Main.storyboard */,
				FD8D55D31C1825AB001143EA /* Assets.xcassets */,
				FD8D55D51C1825AB001143EA /* LaunchScreen.storyboard */,
				FD8D55D81C1825AB001143EA /* Info.plist */,
			);
			path = ScrollTabBarController;
			sourceTree = "<group>";
		};
/* End PBXGroup section */

/* Begin PBXNativeTarget section */
		FD8D55C81C1825AB001143EA /* ScrollTabBarController */ = {
			isa = PBXNativeTarget;
			buildConfigurationList = FD8D55DB1C1825AB001143EA /* Build configuration list for PBXNativeTarget "ScrollTabBarController" */;
			buildPhases = (
				FD8D55C51C1825AB001143EA /* Sources */,
				FD8D55C61C1825AB001143EA /* Frameworks */,
				FD8D55C71C1825AB001143EA /* Resources */,
			);
			buildRules = (
			);
			dependencies = (
			);
			name = ScrollTabBarController;
			productName = ScrollTabBarController;
			productReference = FD8D55C91C1825AB001143EA /* ScrollTabBarController.app */;
			productType = "com.apple.product-type.application";
		};
/* End PBXNativeTarget section */

/* Begin PBXProject section */
		FD8D55C11C1825AB001143EA /* Project object */ = {
			isa = PBXProject;
			attributes = {
				LastSwiftUpdateCheck = 0710;
				LastUpgradeCheck = 0820;
				ORGANIZATIONNAME = seedante;
				TargetAttributes = {
					FD8D55C81C1825AB001143EA = {
						CreatedOnToolsVersion = 7.1.1;
						LastSwiftMigration = 0820;
					};
				};
			};
			buildConfigurationList = FD8D55C41C1825AB001143EA /* Build configuration list for PBXProject "ScrollTabBarController" */;
			compatibilityVersion = "Xcode 3.2";
			developmentRegion = English;
			hasScannedForEncodings = 0;
			knownRegions = (
				en,
				Base,
			);
			mainGroup = FD8D55C01C1825AB001143EA;
			productRefGroup = FD8D55CA1C1825AB001143EA /* Products */;
			projectDirPath = "";
			projectRoot = "";
			targets = (
				FD8D55C81C1825AB001143EA /* ScrollTabBarController */,
			);
		};
/* End PBXProject section */

/* Begin PBXResourcesBuildPhase section */
		FD8D55C71C1825AB001143EA /* Resources */ = {
			isa = PBXResourcesBuildPhase;
			buildActionMask = 2147483647;
			files = (
				FD8D55D71C1825AB001143EA /* LaunchScreen.storyboard in Resources */,
				FD8D55D41C1825AB001143EA /* Assets.xcassets in Resources */,
				FD8D55D21C1825AB001143EA /* Main.storyboard in Resources */,
			);
			runOnlyForDeploymentPostprocessing = 0;
		};
/* End PBXResourcesBuildPhase section */

/* Begin PBXSourcesBuildPhase section */
		FD8D55C51C1825AB001143EA /* Sources */ = {
			isa = PBXSourcesBuildPhase;
			buildActionMask = 2147483647;
			files = (
				FD8AFEA61C266B15008EC7F9 /* SDETabBarVCDelegate.swift in Sources */,
				FD8D55CF1C1825AB001143EA /* ViewController.swift in Sources */,
				FD8D55CD1C1825AB001143EA /* AppDelegate.swift in Sources */,
				FD20705C1C3576900094EB7C /* SlideAnimationController.swift in Sources */,
				FD8D55DF1C1825EB001143EA /* ScrollTabBarController.swift in Sources */,
			);
			runOnlyForDeploymentPostprocessing = 0;
		};
/* End PBXSourcesBuildPhase section */

/* Begin PBXVariantGroup section */
		FD8D55D01C1825AB001143EA /* Main.storyboard */ = {
			isa = PBXVariantGroup;
			children = (
				FD8D55D11C1825AB001143EA /* Base */,
			);
			name = Main.storyboard;
			sourceTree = "<group>";
		};
		FD8D55D51C1825AB001143EA /* LaunchScreen.storyboard */ = {
			isa = PBXVariantGroup;
			children = (
				FD8D55D61C1825AB001143EA /* Base */,
			);
			name = LaunchScreen.storyboard;
			sourceTree = "<group>";
		};
/* End PBXVariantGroup section */

/* Begin XCBuildConfiguration section */
		FD8D55D91C1825AB001143EA /* Debug */ = {
			isa = XCBuildConfiguration;
			buildSettings = {
				ALWAYS_SEARCH_USER_PATHS = NO;
				CLANG_CXX_LANGUAGE_STANDARD = "gnu++0x";
				CLANG_CXX_LIBRARY = "libc++";
				CLANG_ENABLE_MODULES = YES;
				CLANG_ENABLE_OBJC_ARC = YES;
				CLANG_WARN_BOOL_CONVERSION = YES;
				CLANG_WARN_CONSTANT_CONVERSION = YES;
				CLANG_WARN_DIRECT_OBJC_ISA_USAGE = YES_ERROR;
				CLANG_WARN_EMPTY_BODY = YES;
				CLANG_WARN_ENUM_CONVERSION = YES;
				CLANG_WARN_INFINITE_RECURSION = YES;
				CLANG_WARN_INT_CONVERSION = YES;
				CLANG_WARN_OBJC_ROOT_CLASS = YES_ERROR;
				CLANG_WARN_SUSPICIOUS_MOVE = YES;
				CLANG_WARN_UNREACHABLE_CODE = YES;
				CLANG_WARN__DUPLICATE_METHOD_MATCH = YES;
				"CODE_SIGN_IDENTITY[sdk=iphoneos*]" = "iPhone Developer";
				COPY_PHASE_STRIP = NO;
				DEBUG_INFORMATION_FORMAT = dwarf;
				ENABLE_STRICT_OBJC_MSGSEND = YES;
				ENABLE_TESTABILITY = YES;
				GCC_C_LANGUAGE_STANDARD = gnu99;
				GCC_DYNAMIC_NO_PIC = NO;
				GCC_NO_COMMON_BLOCKS = YES;
				GCC_OPTIMIZATION_LEVEL = 0;
				GCC_PREPROCESSOR_DEFINITIONS = (
					"DEBUG=1",
					"$(inherited)",
				);
				GCC_WARN_64_TO_32_BIT_CONVERSION = YES;
				GCC_WARN_ABOUT_RETURN_TYPE = YES_ERROR;
				GCC_WARN_UNDECLARED_SELECTOR = YES;
				GCC_WARN_UNINITIALIZED_AUTOS = YES_AGGRESSIVE;
				GCC_WARN_UNUSED_FUNCTION = YES;
				GCC_WARN_UNUSED_VARIABLE = YES;
				IPHONEOS_DEPLOYMENT_TARGET = 8.0;
				MTL_ENABLE_DEBUG_INFO = YES;
				ONLY_ACTIVE_ARCH = YES;
				SDKROOT = iphoneos;
				SWIFT_OPTIMIZATION_LEVEL = "-Onone";
				TARGETED_DEVICE_FAMILY = "1,2";
			};
			name = Debug;
		};
		FD8D55DA1C1825AB001143EA /* Release */ = {
			isa = XCBuildConfiguration;
			buildSettings = {
				ALWAYS_SEARCH_USER_PATHS = NO;
				CLANG_CXX_LANGUAGE_STANDARD = "gnu++0x";
				CLANG_CXX_LIBRARY = "libc++";
				CLANG_ENABLE_MODULES = YES;
				CLANG_ENABLE_OBJC_ARC = YES;
				CLANG_WARN_BOOL_CONVERSION = YES;
				CLANG_WARN_CONSTANT_CONVERSION = YES;
				CLANG_WARN_DIRECT_OBJC_ISA_USAGE = YES_ERROR;
				CLANG_WARN_EMPTY_BODY = YES;
				CLANG_WARN_ENUM_CONVERSION = YES;
				CLANG_WARN_INFINITE_RECURSION = YES;
				CLANG_WARN_INT_CONVERSION = YES;
				CLANG_WARN_OBJC_ROOT_CLASS = YES_ERROR;
				CLANG_WARN_SUSPICIOUS_MOVE = YES;
				CLANG_WARN_UNREACHABLE_CODE = YES;
				CLANG_WARN__DUPLICATE_METHOD_MATCH = YES;
				"CODE_SIGN_IDENTITY[sdk=iphoneos*]" = "iPhone Developer";
				COPY_PHASE_STRIP = NO;
				DEBUG_INFORMATION_FORMAT = "dwarf-with-dsym";
				ENABLE_NS_ASSERTIONS = NO;
				ENABLE_STRICT_OBJC_MSGSEND = YES;
				GCC_C_LANGUAGE_STANDARD = gnu99;
				GCC_NO_COMMON_BLOCKS = YES;
				GCC_WARN_64_TO_32_BIT_CONVERSION = YES;
				GCC_WARN_ABOUT_RETURN_TYPE = YES_ERROR;
				GCC_WARN_UNDECLARED_SELECTOR = YES;
				GCC_WARN_UNINITIALIZED_AUTOS = YES_AGGRESSIVE;
				GCC_WARN_UNUSED_FUNCTION = YES;
				GCC_WARN_UNUSED_VARIABLE = YES;
				IPHONEOS_DEPLOYMENT_TARGET = 8.0;
				MTL_ENABLE_DEBUG_INFO = NO;
				SDKROOT = iphoneos;
				SWIFT_OPTIMIZATION_LEVEL = "-Owholemodule";
				TARGETED_DEVICE_FAMILY = "1,2";
				VALIDATE_PRODUCT = YES;
			};
			name = Release;
		};
		FD8D55DC1C1825AB001143EA /* Debug */ = {
			isa = XCBuildConfiguration;
			buildSettings = {
				ASSETCATALOG_COMPILER_APPICON_NAME = AppIcon;
				ASSETCATALOG_COMPILER_LAUNCHIMAGE_NAME = LaunchImage;
				INFOPLIST_FILE = ScrollTabBarController/Info.plist;
				IPHONEOS_DEPLOYMENT_TARGET = 8.0;
				LD_RUNPATH_SEARCH_PATHS = "$(inherited) @executable_path/Frameworks";
				PRODUCT_BUNDLE_IDENTIFIER = seedante.ScrollTabBarController;
				PRODUCT_NAME = "$(TARGET_NAME)";
				SWIFT_VERSION = 3.0;
			};
			name = Debug;
		};
		FD8D55DD1C1825AB001143EA /* Release */ = {
			isa = XCBuildConfiguration;
			buildSettings = {
				ASSETCATALOG_COMPILER_APPICON_NAME = AppIcon;
				ASSETCATALOG_COMPILER_LAUNCHIMAGE_NAME = LaunchImage;
				INFOPLIST_FILE = ScrollTabBarController/Info.plist;
				IPHONEOS_DEPLOYMENT_TARGET = 8.0;
				LD_RUNPATH_SEARCH_PATHS = "$(inherited) @executable_path/Frameworks";
				PRODUCT_BUNDLE_IDENTIFIER = seedante.ScrollTabBarController;
				PRODUCT_NAME = "$(TARGET_NAME)";
				SWIFT_VERSION = 3.0;
			};
			name = Release;
		};
/* End XCBuildConfiguration section */

/* Begin XCConfigurationList section */
		FD8D55C41C1825AB001143EA /* Build configuration list for PBXProject "ScrollTabBarController" */ = {
			isa = XCConfigurationList;
			buildConfigurations = (
				FD8D55D91C1825AB001143EA /* Debug */,
				FD8D55DA1C1825AB001143EA /* Release */,
			);
			defaultConfigurationIsVisible = 0;
			defaultConfigurationName = Release;
		};
		FD8D55DB1C1825AB001143EA /* Build configuration list for PBXNativeTarget "ScrollTabBarController" */ = {
			isa = XCConfigurationList;
			buildConfigurations = (
				FD8D55DC1C1825AB001143EA /* Debug */,
				FD8D55DD1C1825AB001143EA /* Release */,
			);
			defaultConfigurationIsVisible = 0;
			defaultConfigurationName = Release;
		};
/* End XCConfigurationList section */
	};
	rootObject = FD8D55C11C1825AB001143EA /* Project object */;
}
