// !$*UTF8*$!
{
	archiveVersion = 1;
	classes = {
	};
	objectVersion = 46;
	objects = {

/* Begin PBXBuildFile section */
		FD0E26901E49BFC800557F5C /* SlideAnimationController.swift in Sources */ = {isa = PBXBuildFile; fileRef = FD0E268F1E49BFC800557F5C /* SlideAnimationController.swift */; };
		FD368AD21C1F26C9001D204F /* AppDelegate.swift in Sources */ = {isa = PBXBuildFile; fileRef = FD368AD11C1F26C9001D204F /* AppDelegate.swift */; };
		FD368AD41C1F26C9001D204F /* PresentedViewController.swift in Sources */ = {isa = PBXBuildFile; fileRef = FD368AD31C1F26C9001D204F /* PresentedViewController.swift */; };
		FD368AD71C1F26C9001D204F /* Main.storyboard in Resources */ = {isa = PBXBuildFile; fileRef = FD368AD51C1F26C9001D204F /* Main.storyboard */; };
		FD368AD91C1F26C9001D204F /* Assets.xcassets in Resources */ = {isa = PBXBuildFile; fileRef = FD368AD81C1F26C9001D204F /* Assets.xcassets */; };
		FD368ADC1C1F26C9001D204F /* LaunchScreen.storyboard in Resources */ = {isa = PBXBuildFile; fileRef = FD368ADA1C1F26C9001D204F /* LaunchScreen.storyboard */; };
		FD8AFEA81C26E869008EC7F9 /* OverlayAnimationController.swift in Sources */ = {isa = PBXBuildFile; fileRef = FD8AFEA71C26E869008EC7F9 /* OverlayAnimationController.swift */; };
		FD8FA9801C20629C00C30038 /* PresentingViewController.swift in Sources */ = {isa = PBXBuildFile; fileRef = FD8FA97F1C20629C00C30038 /* PresentingViewController.swift */; };
		FDC202201C229AC20002D944 /* OverlayPresentationController.swift in Sources */ = {isa = PBXBuildFile; fileRef = FDC2021F1C229AC20002D944 /* OverlayPresentationController.swift */; };
		FDC202251C22AA500002D944 /* SDEModalTransitionDelegate.swift in Sources */ = {isa = PBXBuildFile; fileRef = FDC202241C22AA500002D944 /* SDEModalTransitionDelegate.swift */; };
/* End PBXBuildFile section */

/* Begin PBXFileReference section */
		FD0E268F1E49BFC800557F5C /* SlideAnimationController.swift */ = {isa = PBXFileReference; fileEncoding = 4; lastKnownFileType = sourcecode.swift; path = SlideAnimationController.swift; sourceTree = "<group>"; };
		FD368ACE1C1F26C9001D204F /* CustomModalTransitionDemo.app */ = {isa = PBXFileReference; explicitFileType = wrapper.application; includeInIndex = 0; path = CustomModalTransitionDemo.app; sourceTree = BUILT_PRODUCTS_DIR; };
		FD368AD11C1F26C9001D204F /* AppDelegate.swift */ = {isa = PBXFileReference; lastKnownFileType = sourcecode.swift; path = AppDelegate.swift; sourceTree = "<group>"; };
		FD368AD31C1F26C9001D204F /* PresentedViewController.swift */ = {isa = PBXFileReference; lastKnownFileType = sourcecode.swift; path = PresentedViewController.swift; sourceTree = "<group>"; };
		FD368AD61C1F26C9001D204F /* Base */ = {isa = PBXFileReference; lastKnownFileType = file.storyboard; name = Base; path = Base.lproj/Main.storyboard; sourceTree = "<group>"; };
		FD368AD81C1F26C9001D204F /* Assets.xcassets */ = {isa = PBXFileReference; lastKnownFileType = folder.assetcatalog; path = Assets.xcassets; sourceTree = "<group>"; };
		FD368ADB1C1F26C9001D204F /* Base */ = {isa = PBXFileReference; lastKnownFileType = file.storyboard; name = Base; path = Base.lproj/LaunchScreen.storyboard; sourceTree = "<group>"; };
		FD368ADD1C1F26C9001D204F /* Info.plist */ = {isa = PBXFileReference; lastKnownFileType = text.plist.xml; path = Info.plist; sourceTree = "<group>"; };
		FD8AFEA71C26E869008EC7F9 /* OverlayAnimationController.swift */ = {isa = PBXFileReference; fileEncoding = 4; lastKnownFileType = sourcecode.swift; path = OverlayAnimationController.swift; sourceTree = "<group>"; };
		FD8FA97F1C20629C00C30038 /* PresentingViewController.swift */ = {isa = PBXFileReference; fileEncoding = 4; lastKnownFileType = sourcecode.swift; path = PresentingViewController.swift; sourceTree = "<group>"; };
		FDC2021F1C229AC20002D944 /* OverlayPresentationController.swift */ = {isa = PBXFileReference; fileEncoding = 4; lastKnownFileType = sourcecode.swift; path = OverlayPresentationController.swift; sourceTree = "<group>"; };
		FDC202241C22AA500002D944 /* SDEModalTransitionDelegate.swift */ = {isa = PBXFileReference; fileEncoding = 4; lastKnownFileType = sourcecode.swift; path = SDEModalTransitionDelegate.swift; sourceTree = "<group>"; };
/* End PBXFileReference section */

/* Begin PBXFrameworksBuildPhase section */
		FD368ACB1C1F26C9001D204F /* Frameworks */ = {
			isa = PBXFrameworksBuildPhase;
			buildActionMask = 2147483647;
			files = (
			);
			runOnlyForDeploymentPostprocessing = 0;
		};
/* End PBXFrameworksBuildPhase section */

/* Begin PBXGroup section */
		FD368AC51C1F26C9001D204F = {
			isa = PBXGroup;
			children = (
				FD368AD01C1F26C9001D204F /* CustomModalTransition */,
				FD368ACF1C1F26C9001D204F /* Products */,
			);
			sourceTree = "<group>";
		};
		FD368ACF1C1F26C9001D204F /* Products */ = {
			isa = PBXGroup;
			children = (
				FD368ACE1C1F26C9001D204F /* CustomModalTransitionDemo.app */,
			);
			name = Products;
			sourceTree = "<group>";
		};
		FD368AD01C1F26C9001D204F /* CustomModalTransition */ = {
			isa = PBXGroup;
			children = (
				FD368AD11C1F26C9001D204F /* AppDelegate.swift */,
				FD0E268F1E49BFC800557F5C /* SlideAnimationController.swift */,
				FD8FA97F1C20629C00C30038 /* PresentingViewController.swift */,
				FD368AD31C1F26C9001D204F /* PresentedViewController.swift */,
				FDC202241C22AA500002D944 /* SDEModalTransitionDelegate.swift */,
				FD8AFEA71C26E869008EC7F9 /* OverlayAnimationController.swift */,
				FDC2021F1C229AC20002D944 /* OverlayPresentationController.swift */,
				FD368AD51C1F26C9001D204F /* Main.storyboard */,
				FD368AD81C1F26C9001D204F /* Assets.xcassets */,
				FD368ADA1C1F26C9001D204F /* LaunchScreen.storyboard */,
				FD368ADD1C1F26C9001D204F /* Info.plist */,
			);
			path = CustomModalTransition;
			sourceTree = "<group>";
		};
/* End PBXGroup section */

/* Begin PBXNativeTarget section */
		FD368ACD1C1F26C9001D204F /* CustomModalTransitionDemo */ = {
			isa = PBXNativeTarget;
			buildConfigurationList = FD368AE01C1F26C9001D204F /* Build configuration list for PBXNativeTarget "CustomModalTransitionDemo" */;
			buildPhases = (
				FD368ACA1C1F26C9001D204F /* Sources */,
				FD368ACB1C1F26C9001D204F /* Frameworks */,
				FD368ACC1C1F26C9001D204F /* Resources */,
			);
			buildRules = (
			);
			dependencies = (
			);
			name = CustomModalTransitionDemo;
			productName = CustomPresentationTransition;
			productReference = FD368ACE1C1F26C9001D204F /* CustomModalTransitionDemo.app */;
			productType = "com.apple.product-type.application";
		};
/* End PBXNativeTarget section */

/* Begin PBXProject section */
		FD368AC61C1F26C9001D204F /* Project object */ = {
			isa = PBXProject;
			attributes = {
				LastSwiftUpdateCheck = 0720;
				LastUpgradeCheck = 0820;
				ORGANIZATIONNAME = seedante;
				TargetAttributes = {
					FD368ACD1C1F26C9001D204F = {
						CreatedOnToolsVersion = 7.2;
						LastSwiftMigration = 0820;
					};
				};
			};
			buildConfigurationList = FD368AC91C1F26C9001D204F /* Build configuration list for PBXProject "CustomModalTransitionDemo" */;
			compatibilityVersion = "Xcode 3.2";
			developmentRegion = English;
			hasScannedForEncodings = 0;
			knownRegions = (
				en,
				Base,
			);
			mainGroup = FD368AC51C1F26C9001D204F;
			productRefGroup = FD368ACF1C1F26C9001D204F /* Products */;
			projectDirPath = "";
			projectRoot = "";
			targets = (
				FD368ACD1C1F26C9001D204F /* CustomModalTransitionDemo */,
			);
		};
/* End PBXProject section */

/* Begin PBXResourcesBuildPhase section */
		FD368ACC1C1F26C9001D204F /* Resources */ = {
			isa = PBXResourcesBuildPhase;
			buildActionMask = 2147483647;
			files = (
				FD368ADC1C1F26C9001D204F /* LaunchScreen.storyboard in Resources */,
				FD368AD91C1F26C9001D204F /* Assets.xcassets in Resources */,
				FD368AD71C1F26C9001D204F /* Main.storyboard in Resources */,
			);
			runOnlyForDeploymentPostprocessing = 0;
		};
/* End PBXResourcesBuildPhase section */

/* Begin PBXSourcesBuildPhase section */
		FD368ACA1C1F26C9001D204F /* Sources */ = {
			isa = PBXSourcesBuildPhase;
			buildActionMask = 2147483647;
			files = (
				FDC202251C22AA500002D944 /* SDEModalTransitionDelegate.swift in Sources */,
				FDC202201C229AC20002D944 /* OverlayPresentationController.swift in Sources */,
				FD368AD41C1F26C9001D204F /* PresentedViewController.swift in Sources */,
				FD8FA9801C20629C00C30038 /* PresentingViewController.swift in Sources */,
				FD0E26901E49BFC800557F5C /* SlideAnimationController.swift in Sources */,
				FD8AFEA81C26E869008EC7F9 /* OverlayAnimationController.swift in Sources */,
				FD368AD21C1F26C9001D204F /* AppDelegate.swift in Sources */,
			);
			runOnlyForDeploymentPostprocessing = 0;
		};
/* End PBXSourcesBuildPhase section */

/* Begin PBXVariantGroup section */
		FD368AD51C1F26C9001D204F /* Main.storyboard */ = {
			isa = PBXVariantGroup;
			children = (
				FD368AD61C1F26C9001D204F /* Base */,
			);
			name = Main.storyboard;
			sourceTree = "<group>";
		};
		FD368ADA1C1F26C9001D204F /* LaunchScreen.storyboard */ = {
			isa = PBXVariantGroup;
			children = (
				FD368ADB1C1F26C9001D204F /* Base */,
			);
			name = LaunchScreen.storyboard;
			sourceTree = "<group>";
		};
/* End PBXVariantGroup section */

/* Begin XCBuildConfiguration section */
		FD368ADE1C1F26C9001D204F /* Debug */ = {
			isa = XCBuildConfiguration;
			buildSettings = {
				ALWAYS_SEARCH_USER_PATHS = NO;
				CLANG_CXX_LANGUAGE_STANDARD = "gnu++0x";
				CLANG_CXX_LIBRARY = "libc++";
				CLANG_ENABLE_MODULES = YES;
				CLANG_ENABLE_OBJC_ARC = YES;
				CLANG_WARN_BOOL_CONVERSION = YES;
				CLANG_WARN_CONSTANT_CONVERSION = YES;
				CLANG_WARN_DIRECT_OBJC_ISA_USAGE = YES_ERROR;
				CLANG_WARN_EMPTY_BODY = YES;
				CLANG_WARN_ENUM_CONVERSION = YES;
				CLANG_WARN_INFINITE_RECURSION = YES;
				CLANG_WARN_INT_CONVERSION = YES;
				CLANG_WARN_OBJC_ROOT_CLASS = YES_ERROR;
				CLANG_WARN_SUSPICIOUS_MOVE = YES;
				CLANG_WARN_UNREACHABLE_CODE = YES;
				CLANG_WARN__DUPLICATE_METHOD_MATCH = YES;
				"CODE_SIGN_IDENTITY[sdk=iphoneos*]" = "iPhone Developer";
				COPY_PHASE_STRIP = NO;
				DEBUG_INFORMATION_FORMAT = dwarf;
				ENABLE_STRICT_OBJC_MSGSEND = YES;
				ENABLE_TESTABILITY = YES;
				GCC_C_LANGUAGE_STANDARD = gnu99;
				GCC_DYNAMIC_NO_PIC = NO;
				GCC_NO_COMMON_BLOCKS = YES;
				GCC_OPTIMIZATION_LEVEL = 0;
				GCC_PREPROCESSOR_DEFINITIONS = (
					"DEBUG=1",
					"$(inherited)",
				);
				GCC_WARN_64_TO_32_BIT_CONVERSION = YES;
				GCC_WARN_ABOUT_RETURN_TYPE = YES_ERROR;
				GCC_WARN_UNDECLARED_SELECTOR = YES;
				GCC_WARN_UNINITIALIZED_AUTOS = YES_AGGRESSIVE;
				GCC_WARN_UNUSED_FUNCTION = YES;
				GCC_WARN_UNUSED_VARIABLE = YES;
				IPHONEOS_DEPLOYMENT_TARGET = 8.0;
				MTL_ENABLE_DEBUG_INFO = YES;
				ONLY_ACTIVE_ARCH = YES;
				SDKROOT = iphoneos;
				SWIFT_OPTIMIZATION_LEVEL = "-Onone";
				TARGETED_DEVICE_FAMILY = "1,2";
			};
			name = Debug;
		};
		FD368ADF1C1F26C9001D204F /* Release */ = {
			isa = XCBuildConfiguration;
			buildSettings = {
				ALWAYS_SEARCH_USER_PATHS = NO;
				CLANG_CXX_LANGUAGE_STANDARD = "gnu++0x";
				CLANG_CXX_LIBRARY = "libc++";
				CLANG_ENABLE_MODULES = YES;
				CLANG_ENABLE_OBJC_ARC = YES;
				CLANG_WARN_BOOL_CONVERSION = YES;
				CLANG_WARN_CONSTANT_CONVERSION = YES;
				CLANG_WARN_DIRECT_OBJC_ISA_USAGE = YES_ERROR;
				CLANG_WARN_EMPTY_BODY = YES;
				CLANG_WARN_ENUM_CONVERSION = YES;
				CLANG_WARN_INFINITE_RECURSION = YES;
				CLANG_WARN_INT_CONVERSION = YES;
				CLANG_WARN_OBJC_ROOT_CLASS = YES_ERROR;
				CLANG_WARN_SUSPICIOUS_MOVE = YES;
				CLANG_WARN_UNREACHABLE_CODE = YES;
				CLANG_WARN__DUPLICATE_METHOD_MATCH = YES;
				"CODE_SIGN_IDENTITY[sdk=iphoneos*]" = "iPhone Developer";
				COPY_PHASE_STRIP = NO;
				DEBUG_INFORMATION_FORMAT = "dwarf-with-dsym";
				ENABLE_NS_ASSERTIONS = NO;
				ENABLE_STRICT_OBJC_MSGSEND = YES;
				GCC_C_LANGUAGE_STANDARD = gnu99;
				GCC_NO_COMMON_BLOCKS = YES;
				GCC_WARN_64_TO_32_BIT_CONVERSION = YES;
				GCC_WARN_ABOUT_RETURN_TYPE = YES_ERROR;
				GCC_WARN_UNDECLARED_SELECTOR = YES;
				GCC_WARN_UNINITIALIZED_AUTOS = YES_AGGRESSIVE;
				GCC_WARN_UNUSED_FUNCTION = YES;
				GCC_WARN_UNUSED_VARIABLE = YES;
				IPHONEOS_DEPLOYMENT_TARGET = 8.0;
				MTL_ENABLE_DEBUG_INFO = NO;
				SDKROOT = iphoneos;
				SWIFT_OPTIMIZATION_LEVEL = "-Owholemodule";
				TARGETED_DEVICE_FAMILY = "1,2";
				VALIDATE_PRODUCT = YES;
			};
			name = Release;
		};
		FD368AE11C1F26C9001D204F /* Debug */ = {
			isa = XCBuildConfiguration;
			buildSettings = {
				ASSETCATALOG_COMPILER_APPICON_NAME = AppIcon;
				INFOPLIST_FILE = "$(SRCROOT)/CustomModalTransition/Info.plist";
				IPHONEOS_DEPLOYMENT_TARGET = 8.0;
				LD_RUNPATH_SEARCH_PATHS = "$(inherited) @executable_path/Frameworks";
				PRODUCT_BUNDLE_IDENTIFIER = seedante.CustomModalTransition;
				PRODUCT_NAME = CustomModalTransitionDemo;
				SWIFT_VERSION = 3.0;
			};
			name = Debug;
		};
		FD368AE21C1F26C9001D204F /* Release */ = {
			isa = XCBuildConfiguration;
			buildSettings = {
				ASSETCATALOG_COMPILER_APPICON_NAME = AppIcon;
				INFOPLIST_FILE = "$(SRCROOT)/CustomModalTransition/Info.plist";
				IPHONEOS_DEPLOYMENT_TARGET = 8.0;
				LD_RUNPATH_SEARCH_PATHS = "$(inherited) @executable_path/Frameworks";
				PRODUCT_BUNDLE_IDENTIFIER = seedante.CustomModalTransition;
				PRODUCT_NAME = CustomModalTransitionDemo;
				SWIFT_VERSION = 3.0;
			};
			name = Release;
		};
/* End XCBuildConfiguration section */

/* Begin XCConfigurationList section */
		FD368AC91C1F26C9001D204F /* Build configuration list for PBXProject "CustomModalTransitionDemo" */ = {
			isa = XCConfigurationList;
			buildConfigurations = (
				FD368ADE1C1F26C9001D204F /* Debug */,
				FD368ADF1C1F26C9001D204F /* Release */,
			);
			defaultConfigurationIsVisible = 0;
			defaultConfigurationName = Release;
		};
		FD368AE01C1F26C9001D204F /* Build configuration list for PBXNativeTarget "CustomModalTransitionDemo" */ = {
			isa = XCConfigurationList;
			buildConfigurations = (
				FD368AE11C1F26C9001D204F /* Debug */,
				FD368AE21C1F26C9001D204F /* Release */,
			);
			defaultConfigurationIsVisible = 0;
			defaultConfigurationName = Release;
		};
/* End XCConfigurationList section */
	};
	rootObject = FD368AC61C1F26C9001D204F /* Project object */;
}
